
Microsoft Visual Studio Solution File, Format Version 12.00
# Visual Studio Version 17
VisualStudioVersion = 17.4.33205.214
MinimumVisualStudioVersion = 10.0.40219.1
Project("{FAE04EC0-301F-11D3-BF4B-00C04F79EFBC}") = "UkraineDemographicIndicatorsLab", "UkraineDemographicIndicatorsLab.csproj", "{BDC35698-13B7-48F8-8144-2A671D9D7D9A}"
EndProject
Global
	GlobalSection(SolutionConfigurationPlatforms) = preSolution
		Debug|Any CPU = Debug|Any CPU
		Release|Any CPU = Release|Any CPU
	EndGlobalSection
	GlobalSection(ProjectConfigurationPlatforms) = postSolution
		{BDC35698-13B7-48F8-8144-2A671D9D7D9A}.Debug|Any CPU.ActiveCfg = Debug|Any CPU
		{BDC35698-13B7-48F8-8144-2A671D9D7D9A}.Debug|Any CPU.Build.0 = Debug|Any CPU
		{BDC35698-13B7-48F8-8144-2A671D9D7D9A}.Debug|Any CPU.Deploy.0 = Debug|Any CPU
		{BDC35698-13B7-48F8-8144-2A671D9D7D9A}.Release|Any CPU.ActiveCfg = Release|Any CPU
		{BDC35698-13B7-48F8-8144-2A671D9D7D9A}.Release|Any CPU.Build.0 = Release|Any CPU
		{BDC35698-13B7-48F8-8144-2A671D9D7D9A}.Release|Any CPU.Deploy.0 = Release|Any CPU
	EndGlobalSection
	GlobalSection(SolutionProperties) = preSolution
		HideSolutionNode = FALSE
	EndGlobalSection
	GlobalSection(ExtensibilityGlobals) = postSolution
		SolutionGuid = {51D93C4B-B6D3-437D-9C68-F88E68F60CFA}
	EndGlobalSection
EndGlobal
